
Microsoft Visual Studio Solution File, Format Version 12.00
# Visual Studio Version 16
VisualStudioVersion = 16.0.34729.46
MinimumVisualStudioVersion = 10.0.40219.1
Project("{FAE04EC0-301F-11D3-BF4B-00C04F79EFBC}") = "myTaskApi", "myTaskApi\myTaskApi.csproj", "{C0B9249E-CD2E-4356-8C14-D03FE59D34D9}"
EndProject
Global
	GlobalSection(SolutionConfigurationPlatforms) = preSolution
		Debug|Any CPU = Debug|Any CPU
		Release|Any CPU = Release|Any CPU
	EndGlobalSection
	GlobalSection(ProjectConfigurationPlatforms) = postSolution
		{C0B9249E-CD2E-4356-8C14-D03FE59D34D9}.Debug|Any CPU.ActiveCfg = Debug|Any CPU
		{C0B9249E-CD2E-4356-8C14-D03FE59D34D9}.Debug|Any CPU.Build.0 = Debug|Any CPU
		{C0B9249E-CD2E-4356-8C14-D03FE59D34D9}.Release|Any CPU.ActiveCfg = Release|Any CPU
		{C0B9249E-CD2E-4356-8C14-D03FE59D34D9}.Release|Any CPU.Build.0 = Release|Any CPU
	EndGlobalSection
	GlobalSection(SolutionProperties) = preSolution
		HideSolutionNode = FALSE
	EndGlobalSection
	GlobalSection(ExtensibilityGlobals) = postSolution
		SolutionGuid = {F9D73C69-6595-43B9-A1E8-7DAB0D164270}
	EndGlobalSection
EndGlobal
